
Microsoft Visual Studio Solution File, Format Version 12.00
# Visual Studio Version 17
VisualStudioVersion = 17.13.35828.75 d17.13
MinimumVisualStudioVersion = 10.0.40219.1
Project("{FAE04EC0-301F-11D3-BF4B-00C04F79EFBC}") = "SharePointSharedLinkDecoder", "SharePointSharedLinkDecoder\SharePointSharedLinkDecoder.csproj", "{EA5E19E9-1745-425C-9966-132091ABDE75}"
EndProject
Global
	GlobalSection(SolutionConfigurationPlatforms) = preSolution
		Debug|Any CPU = Debug|Any CPU
		Release|Any CPU = Release|Any CPU
	EndGlobalSection
	GlobalSection(ProjectConfigurationPlatforms) = postSolution
		{EA5E19E9-1745-425C-9966-132091ABDE75}.Debug|Any CPU.ActiveCfg = Debug|Any CPU
		{EA5E19E9-1745-425C-9966-132091ABDE75}.Debug|Any CPU.Build.0 = Debug|Any CPU
		{EA5E19E9-1745-425C-9966-132091ABDE75}.Release|Any CPU.ActiveCfg = Release|Any CPU
		{EA5E19E9-1745-425C-9966-132091ABDE75}.Release|Any CPU.Build.0 = Release|Any CPU
	EndGlobalSection
	GlobalSection(SolutionProperties) = preSolution
		HideSolutionNode = FALSE
	EndGlobalSection
	GlobalSection(ExtensibilityGlobals) = postSolution
		SolutionGuid = {7AD4CE29-362A-4FD5-94C2-9799529DB28A}
	EndGlobalSection
EndGlobal
